
Microsoft Visual Studio Solution File, Format Version 12.00
# Visual Studio Version 17
VisualStudioVersion = 17.0.32112.339
MinimumVisualStudioVersion = 10.0.40219.1
Project("{9A19103F-16F7-4668-BE54-9A1E7A4F7556}") = "BlazorEcommerce.Server", "BlazorEcommerce\Server\BlazorEcommerce.Server.csproj", "{56D34732-F849-4E0C-B200-670557D7B5CE}"
EndProject
Project("{9A19103F-16F7-4668-BE54-9A1E7A4F7556}") = "BlazorEcommerce.Client", "BlazorEcommerce\Client\BlazorEcommerce.Client.csproj", "{96B8D93C-B359-4F67-A9CB-9956455AEF10}"
EndProject
Project("{9A19103F-16F7-4668-BE54-9A1E7A4F7556}") = "BlazorEcommerce.Shared", "BlazorEcommerce\Shared\BlazorEcommerce.Shared.csproj", "{EB8DEBA5-C1DA-4DDD-84BA-812EF671418C}"
EndProject
Global
	GlobalSection(SolutionConfigurationPlatforms) = preSolution
		Debug|Any CPU = Debug|Any CPU
		Release|Any CPU = Release|Any CPU
	EndGlobalSection
	GlobalSection(ProjectConfigurationPlatforms) = postSolution
		{56D34732-F849-4E0C-B200-670557D7B5CE}.Debug|Any CPU.ActiveCfg = Debug|Any CPU
		{56D34732-F849-4E0C-B200-670557D7B5CE}.Debug|Any CPU.Build.0 = Debug|Any CPU
		{56D34732-F849-4E0C-B200-670557D7B5CE}.Release|Any CPU.ActiveCfg = Release|Any CPU
		{56D34732-F849-4E0C-B200-670557D7B5CE}.Release|Any CPU.Build.0 = Release|Any CPU
		{96B8D93C-B359-4F67-A9CB-9956455AEF10}.Debug|Any CPU.ActiveCfg = Debug|Any CPU
		{96B8D93C-B359-4F67-A9CB-9956455AEF10}.Debug|Any CPU.Build.0 = Debug|Any CPU
		{96B8D93C-B359-4F67-A9CB-9956455AEF10}.Release|Any CPU.ActiveCfg = Release|Any CPU
		{96B8D93C-B359-4F67-A9CB-9956455AEF10}.Release|Any CPU.Build.0 = Release|Any CPU
		{EB8DEBA5-C1DA-4DDD-84BA-812EF671418C}.Debug|Any CPU.ActiveCfg = Debug|Any CPU
		{EB8DEBA5-C1DA-4DDD-84BA-812EF671418C}.Debug|Any CPU.Build.0 = Debug|Any CPU
		{EB8DEBA5-C1DA-4DDD-84BA-812EF671418C}.Release|Any CPU.ActiveCfg = Release|Any CPU
		{EB8DEBA5-C1DA-4DDD-84BA-812EF671418C}.Release|Any CPU.Build.0 = Release|Any CPU
	EndGlobalSection
	GlobalSection(SolutionProperties) = preSolution
		HideSolutionNode = FALSE
	EndGlobalSection
	GlobalSection(ExtensibilityGlobals) = postSolution
		SolutionGuid = {34F55FE6-B168-424E-8033-EBC4504CC361}
	EndGlobalSection
EndGlobal
